# THIS IS AN AUTOGENERATED FILE. DO NOT EDIT THIS FILE DIRECTLY.
# yarn lockfile v1


"@codemirror/autocomplete@^0.20.0":
  version "0.20.1"
  resolved "https://registry.yarnpkg.com/@codemirror/autocomplete/-/autocomplete-0.20.1.tgz#d9aa5cfc111469f9f014e80d239916bb0c21edf9"
  integrity sha512-rWDAkE1Qn9O4LsV8tAm/KlzzqdQLaIxqDOLhVYja3rKQIWebD3dixIzg9BAKpjt+0dIaDwtIp3yinD9MefgbQQ==
  dependencies:
    "@codemirror/language" "^0.20.0"
    "@codemirror/state" "^0.20.0"
    "@codemirror/view" "^0.20.0"
    "@lezer/common" "^0.16.0"

"@codemirror/basic-setup@^0.20.0":
  version "0.20.0"
  resolved "https://registry.yarnpkg.com/@codemirror/basic-setup/-/basic-setup-0.20.0.tgz#ed331e0b2d29efc0a09317de9e10467b992b0c7b"
  integrity sha512-W/ERKMLErWkrVLyP5I8Yh8PXl4r+WFNkdYVSzkXYPQv2RMPSkWpr2BgggiSJ8AHF/q3GuApncDD8I4BZz65fyg==
  dependencies:
    "@codemirror/autocomplete" "^0.20.0"
    "@codemirror/commands" "^0.20.0"
    "@codemirror/language" "^0.20.0"
    "@codemirror/lint" "^0.20.0"
    "@codemirror/search" "^0.20.0"
    "@codemirror/state" "^0.20.0"
    "@codemirror/view" "^0.20.0"

"@codemirror/commands@^0.20.0":
  version "0.20.0"
  resolved "https://registry.yarnpkg.com/@codemirror/commands/-/commands-0.20.0.tgz#51405d442e6b8687b63e8fa27effc28179917c88"
  integrity sha512-v9L5NNVA+A9R6zaFvaTbxs30kc69F6BkOoiEbeFw4m4I0exmDEKBILN6mK+GksJtvTzGBxvhAPlVFTdQW8GB7Q==
  dependencies:
    "@codemirror/language" "^0.20.0"
    "@codemirror/state" "^0.20.0"
    "@codemirror/view" "^0.20.0"
    "@lezer/common" "^0.16.0"

"@codemirror/lang-javascript@^0.20.0":
  version "0.20.0"
  resolved "https://registry.yarnpkg.com/@codemirror/lang-javascript/-/lang-javascript-0.20.0.tgz#64a7beaa634ad2163dbfdcff94bae8ff28bae476"
  integrity sha512-Wawq5+o1DlWtsqAyaa9NkiSXNT7geFcfdUael0hIQdM7P23gkQaD+xgZcyQP6QvPxVAdnY4VIWHFzFAqBti+WQ==
  dependencies:
    "@codemirror/autocomplete" "^0.20.0"
    "@codemirror/language" "^0.20.0"
    "@codemirror/lint" "^0.20.0"
    "@codemirror/state" "^0.20.0"
    "@codemirror/view" "^0.20.0"
    "@lezer/javascript" "^0.16.0"

"@codemirror/language@^0.20.0", "@codemirror/language@^0.20.2":
  version "0.20.2"
  resolved "https://registry.yarnpkg.com/@codemirror/language/-/language-0.20.2.tgz#31c3712eac2251810986272dcd6a50510e0c1529"
  integrity sha512-WB3Bnuusw0xhVvhBocieYKwJm04SOk5bPoOEYksVHKHcGHFOaYaw+eZVxR4gIqMMcGzOIUil0FsCmFk8yrhHpw==
  dependencies:
    "@codemirror/state" "^0.20.0"
    "@codemirror/view" "^0.20.0"
    "@lezer/common" "^0.16.0"
    "@lezer/highlight" "^0.16.0"
    "@lezer/lr" "^0.16.0"
    style-mod "^4.0.0"

"@codemirror/lint@^0.20.0":
  version "0.20.2"
  resolved "https://registry.yarnpkg.com/@codemirror/lint/-/lint-0.20.2.tgz#e47307167ff7e5bb14b717f4084a386dd7f8954e"
  integrity sha512-xEH3wlzoFLEhPEeMVRNoQIhoTCMEtXhVxemGh3FYjLfl/CL3B2Wz+CU7ooP5SKhN1le7JqUNSfiTArFP+IzFuw==
  dependencies:
    "@codemirror/state" "^0.20.0"
    "@codemirror/view" "^0.20.2"
    crelt "^1.0.5"

"@codemirror/search@^0.20.0":
  version "0.20.1"
  resolved "https://registry.yarnpkg.com/@codemirror/search/-/search-0.20.1.tgz#9eba0514218a673e29501a889a4fcb7da7ce24ad"
  integrity sha512-ROe6gRboQU5E4z6GAkNa2kxhXqsGNbeLEisbvzbOeB7nuDYXUZ70vGIgmqPu0tB+1M3F9yWk6W8k2vrFpJaD4Q==
  dependencies:
    "@codemirror/state" "^0.20.0"
    "@codemirror/view" "^0.20.0"
    crelt "^1.0.5"

"@codemirror/state@^0.20.0":
  version "0.20.0"
  resolved "https://registry.yarnpkg.com/@codemirror/state/-/state-0.20.0.tgz#3343d209169813b0152b77361cd78bea01549a73"
  integrity sha512-R3XrAWCS5Xm9lx+4pDET4EUPEg+8bDfAa5zoOFIhx+VChsfew9Vy33dAjCXS5ES4Q8UecW4WM4UudmUFpZ+86A==

"@codemirror/view@^0.20.0", "@codemirror/view@^0.20.2", "@codemirror/view@^0.20.6":
  version "0.20.6"
  resolved "https://registry.yarnpkg.com/@codemirror/view/-/view-0.20.6.tgz#ccc55547ad01153a3a146a57bac8854b8cd37e79"
  integrity sha512-k/Enz4HMcST5Waom2r8y8VtiJfgnU5+Y/pNVO45eIhsRH+0LYtAMgJqqqspWVv1apOuMzmlttw6keaPvkloakg==
  dependencies:
    "@codemirror/state" "^0.20.0"
    style-mod "^4.0.0"
    w3c-keyname "^2.2.4"

"@lezer/common@^0.16.0":
  version "0.16.0"
  resolved "https://registry.yarnpkg.com/@lezer/common/-/common-0.16.0.tgz#b6023a0a682b0b7676d0e7f0e0838f71bde39fcd"
  integrity sha512-H6sPCku+asKWYaNjwfQ1Uvcay9UP1Pdzu4qpy8GtRZ0cKT2AAGnj9MQGiRtY18MDntvhYRJxNGv7FNWOSV/e8A==

"@lezer/highlight@^0.16.0":
  version "0.16.0"
  resolved "https://registry.yarnpkg.com/@lezer/highlight/-/highlight-0.16.0.tgz#95f7b7ee3c32c8a0f6ce499c085e8b1f927ffbdc"
  integrity sha512-iE5f4flHlJ1g1clOStvXNLbORJoiW4Kytso6ubfYzHnaNo/eo5SKhxs4wv/rtvwZQeZrK3we8S9SyA7OGOoRKQ==
  dependencies:
    "@lezer/common" "^0.16.0"

"@lezer/javascript@^0.16.0":
  version "0.16.0"
  resolved "https://registry.yarnpkg.com/@lezer/javascript/-/javascript-0.16.0.tgz#712c3bc098bfc91b381a386551a86e9d4baf95eb"
  integrity sha512-kDcwX3QMFKVd7VJwlYTeTNtcj3/gXQEDa7cQzXXsFMvTGV/RTDq0r8agTpZu0zBc1RUZkVILusd1Cluz3STRqw==
  dependencies:
    "@lezer/highlight" "^0.16.0"
    "@lezer/lr" "^0.16.0"

"@lezer/lr@^0.16.0":
  version "0.16.3"
  resolved "https://registry.yarnpkg.com/@lezer/lr/-/lr-0.16.3.tgz#1e4cc581d2725c498e6a731fc83c379114ba3a70"
  integrity sha512-pau7um4eAw94BEuuShUIeQDTf3k4Wt6oIUOYxMmkZgDHdqtIcxWND4LRxi8nI9KuT4I1bXQv67BCapkxt7Ywqw==
  dependencies:
    "@lezer/common" "^0.16.0"

"@rollup/plugin-node-resolve@^13.1.3":
  version "13.3.0"
  resolved "https://registry.yarnpkg.com/@rollup/plugin-node-resolve/-/plugin-node-resolve-13.3.0.tgz#da1c5c5ce8316cef96a2f823d111c1e4e498801c"
  integrity sha512-Lus8rbUo1eEcnS4yTFKLZrVumLPY+YayBdWXgFSHYhTT2iJbMhoaaBL3xl5NCdeRytErGr8tZ0L71BMRmnlwSw==
  dependencies:
    "@rollup/pluginutils" "^3.1.0"
    "@types/resolve" "1.17.1"
    deepmerge "^4.2.2"
    is-builtin-module "^3.1.0"
    is-module "^1.0.0"
    resolve "^1.19.0"

"@rollup/pluginutils@^3.1.0":
  version "3.1.0"
  resolved "https://registry.yarnpkg.com/@rollup/pluginutils/-/pluginutils-3.1.0.tgz#706b4524ee6dc8b103b3c995533e5ad680c02b9b"
  integrity sha512-GksZ6pr6TpIjHm8h9lSQ8pi8BE9VeubNT0OMJ3B5uZJ8pz73NPiqOtCog/x2/QzM1ENChPKxMDhiQuRHsqc+lg==
  dependencies:
    "@types/estree" "0.0.39"
    estree-walker "^1.0.1"
    picomatch "^2.2.2"

"@types/estree@0.0.39":
  version "0.0.39"
  resolved "https://registry.yarnpkg.com/@types/estree/-/estree-0.0.39.tgz#e177e699ee1b8c22d23174caaa7422644389509f"
  integrity sha512-EYNwp3bU+98cpU4lAWYYL7Zz+2gryWH1qbdDTidVd6hkiR6weksdbMadyXKXNPEkQFhXM+hVO9ZygomHXp+AIw==

"@types/node@*":
  version "17.0.35"
  resolved "https://registry.yarnpkg.com/@types/node/-/node-17.0.35.tgz#635b7586086d51fb40de0a2ec9d1014a5283ba4a"
  integrity sha512-vu1SrqBjbbZ3J6vwY17jBs8Sr/BKA+/a/WtjRG+whKg1iuLFOosq872EXS0eXWILdO36DHQQeku/ZcL6hz2fpg==

"@types/resolve@1.17.1":
  version "1.17.1"
  resolved "https://registry.yarnpkg.com/@types/resolve/-/resolve-1.17.1.tgz#3afd6ad8967c77e4376c598a82ddd58f46ec45d6"
  integrity sha512-yy7HuzQhj0dhGpD8RLXSZWEkLsV9ibvxvi6EiJ3bkqLAO1RGo0WbkWQiwpRlSFymTJRz0d3k5LM3kkx8ArDbLw==
  dependencies:
    "@types/node" "*"

"@webreflection/mapset@^1.0.1":
  version "1.0.1"
  resolved "https://registry.yarnpkg.com/@webreflection/mapset/-/mapset-1.0.1.tgz#0e292cb23724830d24a194af0a9e4c7b7985ca2a"
  integrity sha512-cfHPwoviBs7Y/sewLQqE6Ic3XJfUr+LbNEYtR2uW4Od41y5Mg8TTQ8hUb3zBp3cepZTPpwhI6YMnjWk+olqO2w==

"@webreflection/uparser@^0.2.4":
  version "0.2.4"
  resolved "https://registry.yarnpkg.com/@webreflection/uparser/-/uparser-0.2.4.tgz#9b57f09c14fd3425fe06a7019d4129646b0aaa5b"
  integrity sha512-4cYSODHAbjsIlvlTLffaN+QiFcNSLTYkRLOrDqpK+m6Bzqyjudq/xHTiSl4/LxeijcQE48nJQuaBnJcnizXxrA==

"@webreflection/uwire@^1.2.1":
  version "1.2.1"
  resolved "https://registry.yarnpkg.com/@webreflection/uwire/-/uwire-1.2.1.tgz#3068ec5eb408dfb3a2fcfdb7f8ac00677b4464db"
  integrity sha512-3FIqIFzqij5NPWKWCQKJhfcRQpfS8RHAcceFosSDDiD6WrMHRAp3QoBqYt7dfrPhJ8Fg2b6T6Ea8ttClzVkZHA==

async-tag@^0.2.0:
  version "0.2.0"
  resolved "https://registry.yarnpkg.com/async-tag/-/async-tag-0.2.0.tgz#77a1cc00692fcb327b231bf07af6d80abc30a3b4"
  integrity sha512-hNstPiQvxVVJdkBjfBsNb3zDEM2IUY3Xp7qaadEnhaGXq1/OFdS+TuwjEJxnIvZRm7e13KrPW74fIeDra7P5vw==

builtin-modules@^3.0.0:
  version "3.3.0"
  resolved "https://registry.yarnpkg.com/builtin-modules/-/builtin-modules-3.3.0.tgz#cae62812b89801e9656336e46223e030386be7b6"
  integrity sha512-zhaCDicdLuWN5UbN5IMnFqNMhNfo919sH85y2/ea+5Yg9TsTkeZxpL+JLbp6cgYFS4sRLp3YV4S6yDuqVWHYOw==

crelt@^1.0.5:
  version "1.0.5"
  resolved "https://registry.yarnpkg.com/crelt/-/crelt-1.0.5.tgz#57c0d52af8c859e354bace1883eb2e1eb182bb94"
  integrity sha512-+BO9wPPi+DWTDcNYhr/W90myha8ptzftZT+LwcmUbbok0rcP/fequmFYCw8NMoH7pkAZQzU78b3kYrlua5a9eA==

deepmerge@^4.2.2:
  version "4.2.2"
  resolved "https://registry.yarnpkg.com/deepmerge/-/deepmerge-4.2.2.tgz#44d2ea3679b8f4d4ffba33f03d865fc1e7bf4955"
  integrity sha512-FJ3UgI4gIl+PHZm53knsuSFpE+nESMr7M4v9QcgB7S63Kj/6WqMiFQJpBBYz1Pt+66bZpP3Q7Lye0Oo9MPKEdg==

estree-walker@^1.0.1:
  version "1.0.1"
  resolved "https://registry.yarnpkg.com/estree-walker/-/estree-walker-1.0.1.tgz#31bc5d612c96b704106b477e6dd5d8aa138cb700"
  integrity sha512-1fMXF3YP4pZZVozF8j/ZLfvnR8NSIljt56UhbZ5PeeDmmGHpgpdwQt7ITlGvYaQukCvuBRMLEiKiYC+oeIg4cg==

fsevents@~2.3.2:
  version "2.3.2"
  resolved "https://registry.yarnpkg.com/fsevents/-/fsevents-2.3.2.tgz#8a526f78b8fdf4623b709e0b975c52c24c02fd1a"
  integrity sha512-xiqMQR4xAeHTuB9uWm+fFRcIOgKBMiOBP+eXiyT7jsgVCq1bkVygt00oASowB7EdtpOHaaPgKt812P9ab+DDKA==

function-bind@^1.1.1:
  version "1.1.1"
  resolved "https://registry.yarnpkg.com/function-bind/-/function-bind-1.1.1.tgz#a56899d3ea3c9bab874bb9773b7c5ede92f4895d"
  integrity sha512-yIovAzMX49sF8Yl58fSCWJ5svSLuaibPxXQJFLmBObTuCr0Mf1KiPopGM9NiFjiYBCbfaa2Fh6breQ6ANVTI0A==

has@^1.0.3:
  version "1.0.3"
  resolved "https://registry.yarnpkg.com/has/-/has-1.0.3.tgz#722d7cbfc1f6aa8241f16dd814e011e1f41e8796"
  integrity sha512-f2dvO0VU6Oej7RkWJGrehjbzMAjFp5/VKPp5tTpWIV4JHHZK1/BxbFRtf/siA2SWTe09caDmVtYYzWEIbBS4zw==
  dependencies:
    function-bind "^1.1.1"

is-builtin-module@^3.1.0:
  version "3.1.0"
  resolved "https://registry.yarnpkg.com/is-builtin-module/-/is-builtin-module-3.1.0.tgz#6fdb24313b1c03b75f8b9711c0feb8c30b903b00"
  integrity sha512-OV7JjAgOTfAFJmHZLvpSTb4qi0nIILDV1gWPYDnDJUTNFM5aGlRAhk4QcT8i7TuAleeEV5Fdkqn3t4mS+Q11fg==
  dependencies:
    builtin-modules "^3.0.0"

is-core-module@^2.8.1:
  version "2.9.0"
  resolved "https://registry.yarnpkg.com/is-core-module/-/is-core-module-2.9.0.tgz#e1c34429cd51c6dd9e09e0799e396e27b19a9c69"
  integrity sha512-+5FPy5PnwmO3lvfMb0AsoPaBG+5KHUI0wYFXOtYPnVVVspTFUuMZNfNaNVRt3FZadstu2c8x23vykRW/NBoU6A==
  dependencies:
    has "^1.0.3"

is-module@^1.0.0:
  version "1.0.0"
  resolved "https://registry.yarnpkg.com/is-module/-/is-module-1.0.0.tgz#3258fb69f78c14d5b815d664336b4cffb6441591"
  integrity sha1-Mlj7afeMFNW4FdZkM2tM/7ZEFZE=

jsx2tag@^0.3.0:
  version "0.3.0"
  resolved "https://registry.yarnpkg.com/jsx2tag/-/jsx2tag-0.3.0.tgz#57062cfb3eff16ffaf9b146e90eb1f8a500de66d"
  integrity sha512-AcELEC4kZIByPXqtK+QdaQ0t7MVZkZ9zjoitLwqGkpLkopDwBOwpG0JHxBcqGaVkv2KF3jPFp6l3l/5cN3J/Yw==

path-parse@^1.0.7:
  version "1.0.7"
  resolved "https://registry.yarnpkg.com/path-parse/-/path-parse-1.0.7.tgz#fbc114b60ca42b30d9daf5858e4bd68bbedb6735"
  integrity sha512-LDJzPVEEEPR+y48z93A0Ed0yXb8pAByGWo/k5YYdYgpY2/2EsOsksJrq7lOHxryrVOn1ejG6oAp8ahvOIQD8sw==

picomatch@^2.2.2:
  version "2.3.1"
  resolved "https://registry.yarnpkg.com/picomatch/-/picomatch-2.3.1.tgz#3ba3833733646d9d3e4995946c1365a67fb07a42"
  integrity sha512-JU3teHTNjmE2VCGFzuY8EXzCDVwEqB2a8fsIvwaStHhAWJEeVd1o1QD80CU6+ZdEXXSLbSsuLwJjkCBWqRQUVA==

resolve@^1.19.0:
  version "1.22.0"
  resolved "https://registry.yarnpkg.com/resolve/-/resolve-1.22.0.tgz#5e0b8c67c15df57a89bdbabe603a002f21731198"
  integrity sha512-Hhtrw0nLeSrFQ7phPp4OOcVjLPIeMnRlr5mcnVuMe7M/7eBn98A3hmFRLoFo3DLZkivSYwhRUJTyPyWAk56WLw==
  dependencies:
    is-core-module "^2.8.1"
    path-parse "^1.0.7"
    supports-preserve-symlinks-flag "^1.0.0"

rollup@^2.66.1:
  version "2.74.1"
  resolved "https://registry.yarnpkg.com/rollup/-/rollup-2.74.1.tgz#4fba0ff1c312cc4ee82691b154eee69a0d01929f"
  integrity sha512-K2zW7kV8Voua5eGkbnBtWYfMIhYhT9Pel2uhBk2WO5eMee161nPze/XRfvEQPFYz7KgrCCnmh2Wy0AMFLGGmMA==
  optionalDependencies:
    fsevents "~2.3.2"

style-mod@^4.0.0:
  version "4.0.0"
  resolved "https://registry.yarnpkg.com/style-mod/-/style-mod-4.0.0.tgz#97e7c2d68b592975f2ca7a63d0dd6fcacfe35a01"
  integrity sha512-OPhtyEjyyN9x3nhPsu76f52yUGXiZcgvsrFVtvTkyGRQJ0XK+GPc6ov1z+lRpbeabka+MYEQxOYRnt5nF30aMw==

supports-preserve-symlinks-flag@^1.0.0:
  version "1.0.0"
  resolved "https://registry.yarnpkg.com/supports-preserve-symlinks-flag/-/supports-preserve-symlinks-flag-1.0.0.tgz#6eda4bd344a3c94aea376d4cc31bc77311039e09"
  integrity sha512-ot0WnXS9fgdkgIcePe6RHNk1WA8+muPa6cSjeR3V8K27q9BB1rTE3R1p7Hv0z1ZyAc8s6Vvv8DIyWf681MAt0w==

uarray@^1.0.0:
  version "1.0.0"
  resolved "https://registry.yarnpkg.com/uarray/-/uarray-1.0.0.tgz#e89bf0ea2129596f4bf653b66e53246ed6562b6c"
  integrity sha512-LHmiAd5QuAv7pU2vbh+Zq9YOnqVK0H764p2Ozinpfy9ka58OID4IsGLiXsitqH7n0NAIDxvax1A/kDXpii/Ckg==

udomdiff@^1.1.0:
  version "1.1.0"
  resolved "https://registry.yarnpkg.com/udomdiff/-/udomdiff-1.1.0.tgz#1d0c4741b93a2ffd10728ca4cea15b277cc3082f"
  integrity sha512-aqjTs5x/wsShZBkVagdafJkP8S3UMGhkHKszsu1cszjjZ7iOp86+Qb3QOFYh01oWjPMy5ZTuxD6hw5uTKxd+VA==

uhandlers@^0.6.1:
  version "0.6.1"
  resolved "https://registry.yarnpkg.com/uhandlers/-/uhandlers-0.6.1.tgz#ef2e6811de072a2de3c69ace4ce6910de6328c96"
  integrity sha512-2jMpdT/3twUKnJxvVEtysdkw5v7KhynNvMP8sueocaGYgEXG6l9fG/66JlKrQo/jVNCF2gcJb3Ne7vYCeVR6tw==
  dependencies:
    uarray "^1.0.0"

uhtml@^3.0.1:
  version "3.0.1"
  resolved "https://registry.yarnpkg.com/uhtml/-/uhtml-3.0.1.tgz#106b1de438e046602de24d860cf29a2d1e339269"
  integrity sha512-faYAYvr5lucYWco4A2ggMbYnCzkzuqzxv9TKYqD5tLlFYtMgokbvrbVEBRvebVHIF2gd68kxZhZMktH75wNcWg==
  dependencies:
    "@webreflection/mapset" "^1.0.1"
    "@webreflection/uparser" "^0.2.4"
    "@webreflection/uwire" "^1.2.1"
    async-tag "^0.2.0"
    jsx2tag "^0.3.0"
    udomdiff "^1.1.0"
    uhandlers "^0.6.1"

w3c-keyname@^2.2.4:
  version "2.2.4"
  resolved "https://registry.yarnpkg.com/w3c-keyname/-/w3c-keyname-2.2.4.tgz#4ade6916f6290224cdbd1db8ac49eab03d0eef6b"
  integrity sha512-tOhfEwEzFLJzf6d1ZPkYfGj+FWhIpBux9ppoP3rlclw3Z0BZv3N7b7030Z1kYth+6rDuAsXUFr+d0VE6Ed1ikw==
