# THIS IS AN AUTOGENERATED FILE. DO NOT EDIT THIS FILE DIRECTLY.
# yarn lockfile v1


"@codemirror/autocomplete@^0.20.0":
  version "0.20.3"
  resolved "https://registry.yarnpkg.com/@codemirror/autocomplete/-/autocomplete-0.20.3.tgz#affe2d7e2b2e0be42ee1ac5fb74a1c84a6f1bfd7"
  integrity sha512-lYB+NPGP+LEzAudkWhLfMxhTrxtLILGl938w+RcFrGdrIc54A+UgmCoz+McE3IYRFp4xyQcL4uFJwo+93YdgHw==
  dependencies:
    "@codemirror/language" "^0.20.0"
    "@codemirror/state" "^0.20.0"
    "@codemirror/view" "^0.20.0"
    "@lezer/common" "^0.16.0"

"@codemirror/autocomplete@^6.0.0", "@codemirror/autocomplete@^6.1.0":
  version "6.1.0"
  resolved "https://registry.yarnpkg.com/@codemirror/autocomplete/-/autocomplete-6.1.0.tgz#7d3ca6d49e3a71cfd366c0af16172f5c128376eb"
  integrity sha512-wtO4O5WDyXhhCd4q4utDIDZxnQfmJ++3dGBCG9LMtI79+92OcA1DVk/n7BEupKmjIr8AzvptDz7YQ9ud6OkU+A==
  dependencies:
    "@codemirror/language" "^6.0.0"
    "@codemirror/state" "^6.0.0"
    "@codemirror/view" "^6.0.0"
    "@lezer/common" "^1.0.0"

"@codemirror/basic-setup@^0.20.0":
  version "0.20.0"
  resolved "https://registry.yarnpkg.com/@codemirror/basic-setup/-/basic-setup-0.20.0.tgz#ed331e0b2d29efc0a09317de9e10467b992b0c7b"
  integrity sha512-W/ERKMLErWkrVLyP5I8Yh8PXl4r+WFNkdYVSzkXYPQv2RMPSkWpr2BgggiSJ8AHF/q3GuApncDD8I4BZz65fyg==
  dependencies:
    "@codemirror/autocomplete" "^0.20.0"
    "@codemirror/commands" "^0.20.0"
    "@codemirror/language" "^0.20.0"
    "@codemirror/lint" "^0.20.0"
    "@codemirror/search" "^0.20.0"
    "@codemirror/state" "^0.20.0"
    "@codemirror/view" "^0.20.0"

"@codemirror/commands@^0.20.0":
  version "0.20.0"
  resolved "https://registry.yarnpkg.com/@codemirror/commands/-/commands-0.20.0.tgz#51405d442e6b8687b63e8fa27effc28179917c88"
  integrity sha512-v9L5NNVA+A9R6zaFvaTbxs30kc69F6BkOoiEbeFw4m4I0exmDEKBILN6mK+GksJtvTzGBxvhAPlVFTdQW8GB7Q==
  dependencies:
    "@codemirror/language" "^0.20.0"
    "@codemirror/state" "^0.20.0"
    "@codemirror/view" "^0.20.0"
    "@lezer/common" "^0.16.0"

"@codemirror/commands@^6.0.0":
  version "6.0.1"
  resolved "https://registry.yarnpkg.com/@codemirror/commands/-/commands-6.0.1.tgz#c005dd2dab2f6d90ad00d4a25bfeaaec2393efa6"
  integrity sha512-iNHDByicYqQjs0Wo1MKGfqNbMYMyhS9WV6EwMVwsHXImlFemgEUC+c5X22bXKBStN3qnwg4fArNZM+gkv22baQ==
  dependencies:
    "@codemirror/language" "^6.0.0"
    "@codemirror/state" "^6.0.0"
    "@codemirror/view" "^6.0.0"
    "@lezer/common" "^1.0.0"

"@codemirror/lang-javascript@^0.20.0":
  version "0.20.1"
  resolved "https://registry.yarnpkg.com/@codemirror/lang-javascript/-/lang-javascript-0.20.1.tgz#8590f484947229a43d7dacb0fbf474b557037a44"
  integrity sha512-eYulxirefgyow5rBf6I1aGXsF125lPmUIoL3JQaPgCVONimb90zsAG6I2m8ObMn9Z0kCTCdrGEhzCSwZkQiXBQ==
  dependencies:
    "@codemirror/autocomplete" "^0.20.0"
    "@codemirror/language" "^0.20.0"
    "@codemirror/lint" "^0.20.0"
    "@codemirror/state" "^0.20.0"
    "@codemirror/view" "^0.20.0"
    "@lezer/common" "^0.16.1"
    "@lezer/javascript" "^0.16.0"

"@codemirror/language@^0.20.0", "@codemirror/language@^0.20.2":
  version "0.20.2"
  resolved "https://registry.yarnpkg.com/@codemirror/language/-/language-0.20.2.tgz#31c3712eac2251810986272dcd6a50510e0c1529"
  integrity sha512-WB3Bnuusw0xhVvhBocieYKwJm04SOk5bPoOEYksVHKHcGHFOaYaw+eZVxR4gIqMMcGzOIUil0FsCmFk8yrhHpw==
  dependencies:
    "@codemirror/state" "^0.20.0"
    "@codemirror/view" "^0.20.0"
    "@lezer/common" "^0.16.0"
    "@lezer/highlight" "^0.16.0"
    "@lezer/lr" "^0.16.0"
    style-mod "^4.0.0"

"@codemirror/language@^6.0.0":
  version "6.2.1"
  resolved "https://registry.yarnpkg.com/@codemirror/language/-/language-6.2.1.tgz#cb10cd785a76e50ecd2fe2dc59ff66af8a41b87a"
  integrity sha512-MC3svxuvIj0MRpFlGHxLS6vPyIdbTr2KKPEW46kCoCXw2ktb4NTkpkPBI/lSP/FoNXLCBJ0mrnUi1OoZxtpW1Q==
  dependencies:
    "@codemirror/state" "^6.0.0"
    "@codemirror/view" "^6.0.0"
    "@lezer/common" "^1.0.0"
    "@lezer/highlight" "^1.0.0"
    "@lezer/lr" "^1.0.0"
    style-mod "^4.0.0"

"@codemirror/lint@^0.20.0":
  version "0.20.3"
  resolved "https://registry.yarnpkg.com/@codemirror/lint/-/lint-0.20.3.tgz#34c0fd45c5acd522637f68602e3a416162e03a15"
  integrity sha512-06xUScbbspZ8mKoODQCEx6hz1bjaq9m8W8DxdycWARMiiX1wMtfCh/MoHpaL7ws/KUMwlsFFfp2qhm32oaCvVA==
  dependencies:
    "@codemirror/state" "^0.20.0"
    "@codemirror/view" "^0.20.2"
    crelt "^1.0.5"

"@codemirror/lint@^6.0.0":
  version "6.0.0"
  resolved "https://registry.yarnpkg.com/@codemirror/lint/-/lint-6.0.0.tgz#a249b021ac9933b94fe312d994d220f0ef11a157"
  integrity sha512-nUUXcJW1Xp54kNs+a1ToPLK8MadO0rMTnJB8Zk4Z8gBdrN0kqV7uvUraU/T2yqg+grDNR38Vmy/MrhQN/RgwiA==
  dependencies:
    "@codemirror/state" "^6.0.0"
    "@codemirror/view" "^6.0.0"
    crelt "^1.0.5"

"@codemirror/search@^0.20.0":
  version "0.20.1"
  resolved "https://registry.yarnpkg.com/@codemirror/search/-/search-0.20.1.tgz#9eba0514218a673e29501a889a4fcb7da7ce24ad"
  integrity sha512-ROe6gRboQU5E4z6GAkNa2kxhXqsGNbeLEisbvzbOeB7nuDYXUZ70vGIgmqPu0tB+1M3F9yWk6W8k2vrFpJaD4Q==
  dependencies:
    "@codemirror/state" "^0.20.0"
    "@codemirror/view" "^0.20.0"
    crelt "^1.0.5"

"@codemirror/search@^6.0.0", "@codemirror/search@^6.0.1":
  version "6.0.1"
  resolved "https://registry.yarnpkg.com/@codemirror/search/-/search-6.0.1.tgz#12c20fdfb341fb4ca2125b2eaec35a8cf4b682f1"
  integrity sha512-uOinkOrM+daMduCgMPomDfKLr7drGHB4jHl3Vq6xY2WRlL7MkNsBE0b+XHYa/Mee2npsJOgwvkW4n1lMFeBW2Q==
  dependencies:
    "@codemirror/state" "^6.0.0"
    "@codemirror/view" "^6.0.0"
    crelt "^1.0.5"

"@codemirror/state@^0.20.0":
  version "0.20.1"
  resolved "https://registry.yarnpkg.com/@codemirror/state/-/state-0.20.1.tgz#de5c6dc0de3e216eaa3a9ee9391c926b766f6b46"
  integrity sha512-ms0tlV5A02OK0pFvTtSUGMLkoarzh1F8mr6jy1cD7ucSC2X/VLHtQCxfhdSEGqTYlQF2hoZtmLv+amqhdgbwjQ==

"@codemirror/state@^6.0.0":
  version "6.1.0"
  resolved "https://registry.yarnpkg.com/@codemirror/state/-/state-6.1.0.tgz#c0f1d80f61908c9dcf5e2a3fe931e9dd78f3df8a"
  integrity sha512-qbUr94DZTe6/V1VS7LDLz11rM/1t/nJxR1El4I6UaxDEdc0aZZvq6JCLJWiRmUf95NRAnDH6fhXn+PWp9wGCIg==

"@codemirror/view@^0.20.0", "@codemirror/view@^0.20.2", "@codemirror/view@^0.20.6":
  version "0.20.7"
  resolved "https://registry.yarnpkg.com/@codemirror/view/-/view-0.20.7.tgz#1d0acc740f71f92abef4b437c030d4e6c39ab6dc"
  integrity sha512-pqEPCb9QFTOtHgAH5XU/oVy9UR/Anj6r+tG5CRmkNVcqSKEPmBU05WtN/jxJCFZBXf6HumzWC9ydE4qstO3TxQ==
  dependencies:
    "@codemirror/state" "^0.20.0"
    style-mod "^4.0.0"
    w3c-keyname "^2.2.4"

"@codemirror/view@^6.0.0":
  version "6.1.2"
  resolved "https://registry.yarnpkg.com/@codemirror/view/-/view-6.1.2.tgz#22dd4f6867581aa09dc1d952253f655c1a44bd91"
  integrity sha512-puUydfKwfmOo+ixtuB+uN/ZpcteEYSnpjHmMaow1sOQhNICsKtGBup3i9ybVqyzDagARRYzSHTWjbdeHqmn31w==
  dependencies:
    "@codemirror/state" "^6.0.0"
    style-mod "^4.0.0"
    w3c-keyname "^2.2.4"

"@lezer/common@^0.16.0", "@lezer/common@^0.16.1":
  version "0.16.1"
  resolved "https://registry.yarnpkg.com/@lezer/common/-/common-0.16.1.tgz#3b98b42fdb11454b89e8a340da10bee1b0f94071"
  integrity sha512-qPmG7YTZ6lATyTOAWf8vXE+iRrt1NJd4cm2nJHK+v7X9TsOF6+HtuU/ctaZy2RCrluxDb89hI6KWQ5LfQGQWuA==

"@lezer/common@^1.0.0":
  version "1.0.0"
  resolved "https://registry.yarnpkg.com/@lezer/common/-/common-1.0.0.tgz#1c95ae53ec17706aa3cbcc88b52c23f22ed56096"
  integrity sha512-ohydQe+Hb+w4oMDvXzs8uuJd2NoA3D8YDcLiuDsLqH+yflDTPEpgCsWI3/6rH5C3BAedtH1/R51dxENldQceEA==

"@lezer/highlight@^0.16.0":
  version "0.16.0"
  resolved "https://registry.yarnpkg.com/@lezer/highlight/-/highlight-0.16.0.tgz#95f7b7ee3c32c8a0f6ce499c085e8b1f927ffbdc"
  integrity sha512-iE5f4flHlJ1g1clOStvXNLbORJoiW4Kytso6ubfYzHnaNo/eo5SKhxs4wv/rtvwZQeZrK3we8S9SyA7OGOoRKQ==
  dependencies:
    "@lezer/common" "^0.16.0"

"@lezer/highlight@^1.0.0":
  version "1.0.0"
  resolved "https://registry.yarnpkg.com/@lezer/highlight/-/highlight-1.0.0.tgz#1dc82300f5d39fbd67ae1194b5519b4c381878d3"
  integrity sha512-nsCnNtim90UKsB5YxoX65v3GEIw3iCHw9RM2DtdgkiqAbKh9pCdvi8AWNwkYf10Lu6fxNhXPpkpHbW6mihhvJA==
  dependencies:
    "@lezer/common" "^1.0.0"

"@lezer/javascript@^0.16.0":
  version "0.16.0"
  resolved "https://registry.yarnpkg.com/@lezer/javascript/-/javascript-0.16.0.tgz#712c3bc098bfc91b381a386551a86e9d4baf95eb"
  integrity sha512-kDcwX3QMFKVd7VJwlYTeTNtcj3/gXQEDa7cQzXXsFMvTGV/RTDq0r8agTpZu0zBc1RUZkVILusd1Cluz3STRqw==
  dependencies:
    "@lezer/highlight" "^0.16.0"
    "@lezer/lr" "^0.16.0"

"@lezer/lr@^0.16.0":
  version "0.16.3"
  resolved "https://registry.yarnpkg.com/@lezer/lr/-/lr-0.16.3.tgz#1e4cc581d2725c498e6a731fc83c379114ba3a70"
  integrity sha512-pau7um4eAw94BEuuShUIeQDTf3k4Wt6oIUOYxMmkZgDHdqtIcxWND4LRxi8nI9KuT4I1bXQv67BCapkxt7Ywqw==
  dependencies:
    "@lezer/common" "^0.16.0"

"@lezer/lr@^1.0.0":
  version "1.2.0"
  resolved "https://registry.yarnpkg.com/@lezer/lr/-/lr-1.2.0.tgz#59aecafdbc15be63f918cf777f470dd17562f051"
  integrity sha512-TgEpfm9br2SX8JwtwKT8HsQZKuFkLRg6g+IRxObk9nVKQLKnkP3oMh+QGcTBL9GQsfQ2ADtKPbj2iGSMf3ytiA==
  dependencies:
    "@lezer/common" "^1.0.0"

"@webreflection/mapset@^1.0.1":
  version "1.0.1"
  resolved "https://registry.yarnpkg.com/@webreflection/mapset/-/mapset-1.0.1.tgz#0e292cb23724830d24a194af0a9e4c7b7985ca2a"
  integrity sha512-cfHPwoviBs7Y/sewLQqE6Ic3XJfUr+LbNEYtR2uW4Od41y5Mg8TTQ8hUb3zBp3cepZTPpwhI6YMnjWk+olqO2w==

"@webreflection/uparser@^0.2.4":
  version "0.2.4"
  resolved "https://registry.yarnpkg.com/@webreflection/uparser/-/uparser-0.2.4.tgz#9b57f09c14fd3425fe06a7019d4129646b0aaa5b"
  integrity sha512-4cYSODHAbjsIlvlTLffaN+QiFcNSLTYkRLOrDqpK+m6Bzqyjudq/xHTiSl4/LxeijcQE48nJQuaBnJcnizXxrA==

"@webreflection/uwire@^1.2.1":
  version "1.2.1"
  resolved "https://registry.yarnpkg.com/@webreflection/uwire/-/uwire-1.2.1.tgz#3068ec5eb408dfb3a2fcfdb7f8ac00677b4464db"
  integrity sha512-3FIqIFzqij5NPWKWCQKJhfcRQpfS8RHAcceFosSDDiD6WrMHRAp3QoBqYt7dfrPhJ8Fg2b6T6Ea8ttClzVkZHA==

abort-controller@^3.0.0:
  version "3.0.0"
  resolved "https://registry.yarnpkg.com/abort-controller/-/abort-controller-3.0.0.tgz#eaf54d53b62bae4138e809ca225c8439a6efb392"
  integrity sha512-h8lQ8tacZYnR3vNQTgibj+tODHI5/+l06Au2Pcriv/Gmet0eaj4TwWH41sO9wnHDiQsEj19q0drzdWdeAHtweg==
  dependencies:
    event-target-shim "^5.0.0"

async-tag@^0.2.0:
  version "0.2.0"
  resolved "https://registry.yarnpkg.com/async-tag/-/async-tag-0.2.0.tgz#77a1cc00692fcb327b231bf07af6d80abc30a3b4"
  integrity sha512-hNstPiQvxVVJdkBjfBsNb3zDEM2IUY3Xp7qaadEnhaGXq1/OFdS+TuwjEJxnIvZRm7e13KrPW74fIeDra7P5vw==

base64-js@^1.3.1:
  version "1.5.1"
  resolved "https://registry.yarnpkg.com/base64-js/-/base64-js-1.5.1.tgz#1b1b440160a5bf7ad40b650f095963481903930a"
  integrity sha512-AKpaYlHn8t4SVbOHCy+b5+KKgvR4vrsD8vbvrbiQJps7fKDTkjkDry6ji0rUJjC0kzbNePLwzxq8iypo41qeWA==

buffer@^6.0.3:
  version "6.0.3"
  resolved "https://registry.yarnpkg.com/buffer/-/buffer-6.0.3.tgz#2ace578459cc8fbe2a70aaa8f52ee63b6a74c6c6"
  integrity sha512-FTiCpNxtwiZZHEZbcbTIcZjERVICn9yq/pDFkTl95/AxzD1naBctN7YO68riM/gLSDY7sdrMby8hofADYuuqOA==
  dependencies:
    base64-js "^1.3.1"
    ieee754 "^1.2.1"

charenc@0.0.2:
  version "0.0.2"
  resolved "https://registry.yarnpkg.com/charenc/-/charenc-0.0.2.tgz#c0a1d2f3a7092e03774bfa83f14c0fc5790a8667"
  integrity sha512-yrLQ/yVUFXkzg7EDQsPieE/53+0RlaWTs+wBrvW36cyilJ2SaDWfl4Yj7MtLTXleV9uEKefbAGUPv2/iWSooRA==

codemirror@^6.0.0:
  version "6.0.1"
  resolved "https://registry.yarnpkg.com/codemirror/-/codemirror-6.0.1.tgz#62b91142d45904547ee3e0e0e4c1a79158035a29"
  integrity sha512-J8j+nZ+CdWmIeFIGXEFbFPtpiYacFMDR8GlHK3IyHQJMCaVRfGx9NT+Hxivv1ckLWPvNdZqndbr/7lVhrf/Svg==
  dependencies:
    "@codemirror/autocomplete" "^6.0.0"
    "@codemirror/commands" "^6.0.0"
    "@codemirror/language" "^6.0.0"
    "@codemirror/lint" "^6.0.0"
    "@codemirror/search" "^6.0.0"
    "@codemirror/state" "^6.0.0"
    "@codemirror/view" "^6.0.0"

crc@^4.1.0:
  version "4.1.1"
  resolved "https://registry.yarnpkg.com/crc/-/crc-4.1.1.tgz#cb926237b56739f82c8533da1b66925ed33e011f"
  integrity sha512-2U3ZqJ2phJl9ANuP2q5VS53LMpNmYU9vcpmh6nutJmsqUREhtWpTRh9yYxG7sDg3xkwaEEXytSeffTxw4cgwPg==

crelt@^1.0.5:
  version "1.0.5"
  resolved "https://registry.yarnpkg.com/crelt/-/crelt-1.0.5.tgz#57c0d52af8c859e354bace1883eb2e1eb182bb94"
  integrity sha512-+BO9wPPi+DWTDcNYhr/W90myha8ptzftZT+LwcmUbbok0rcP/fequmFYCw8NMoH7pkAZQzU78b3kYrlua5a9eA==

crypt@0.0.2:
  version "0.0.2"
  resolved "https://registry.yarnpkg.com/crypt/-/crypt-0.0.2.tgz#88d7ff7ec0dfb86f713dc87bbb42d044d3e6c41b"
  integrity sha512-mCxBlsHFYh9C+HVpiEacem8FEBnMXgU9gy4zmNC+SXAZNB/1idgp/aulFJ4FgCi7GPEVbfyng092GqL2k2rmow==

data-uri-to-buffer@^4.0.0:
  version "4.0.0"
  resolved "https://registry.yarnpkg.com/data-uri-to-buffer/-/data-uri-to-buffer-4.0.0.tgz#b5db46aea50f6176428ac05b73be39a57701a64b"
  integrity sha512-Vr3mLBA8qWmcuschSLAOogKgQ/Jwxulv3RNE4FXnYWRGujzrRWQI4m12fQqRkwX06C0KanhLr4hK+GydchZsaA==

esbuild-android-64@0.14.50:
  version "0.14.50"
  resolved "https://registry.yarnpkg.com/esbuild-android-64/-/esbuild-android-64-0.14.50.tgz#a46fc80fa2007690e647680d837483a750a3097f"
  integrity sha512-H7iUEm7gUJHzidsBlFPGF6FTExazcgXL/46xxLo6i6bMtPim6ZmXyTccS8yOMpy6HAC6dPZ/JCQqrkkin69n6Q==

esbuild-android-arm64@0.14.50:
  version "0.14.50"
  resolved "https://registry.yarnpkg.com/esbuild-android-arm64/-/esbuild-android-arm64-0.14.50.tgz#bdda7851fa7f5f770d6ff0ad593a8945d3a0fcdd"
  integrity sha512-NFaoqEwa+OYfoYVpQWDMdKII7wZZkAjtJFo1WdnBeCYlYikvUhTnf2aPwPu5qEAw/ie1NYK0yn3cafwP+kP+OQ==

esbuild-darwin-64@0.14.50:
  version "0.14.50"
  resolved "https://registry.yarnpkg.com/esbuild-darwin-64/-/esbuild-darwin-64-0.14.50.tgz#f0535435f9760766f30db14a991ee5ca94c022a4"
  integrity sha512-gDQsCvGnZiJv9cfdO48QqxkRV8oKAXgR2CGp7TdIpccwFdJMHf8hyIJhMW/05b/HJjET/26Us27Jx91BFfEVSA==

esbuild-darwin-arm64@0.14.50:
  version "0.14.50"
  resolved "https://registry.yarnpkg.com/esbuild-darwin-arm64/-/esbuild-darwin-arm64-0.14.50.tgz#76a41a40e8947a15ae62970e9ed2853883c4b16c"
  integrity sha512-36nNs5OjKIb/Q50Sgp8+rYW/PqirRiFN0NFc9hEvgPzNJxeJedktXwzfJSln4EcRFRh5Vz4IlqFRScp+aiBBzA==

esbuild-freebsd-64@0.14.50:
  version "0.14.50"
  resolved "https://registry.yarnpkg.com/esbuild-freebsd-64/-/esbuild-freebsd-64-0.14.50.tgz#2ed6633c17ed42c20a1bd68e82c4bbc75ea4fb57"
  integrity sha512-/1pHHCUem8e/R86/uR+4v5diI2CtBdiWKiqGuPa9b/0x3Nwdh5AOH7lj+8823C6uX1e0ufwkSLkS+aFZiBCWxA==

esbuild-freebsd-arm64@0.14.50:
  version "0.14.50"
  resolved "https://registry.yarnpkg.com/esbuild-freebsd-arm64/-/esbuild-freebsd-arm64-0.14.50.tgz#cb115f4cdafe9cdbe58875ba482fccc54d32aa43"
  integrity sha512-iKwUVMQztnPZe5pUYHdMkRc9aSpvoV1mkuHlCoPtxZA3V+Kg/ptpzkcSY+fKd0kuom+l6Rc93k0UPVkP7xoqrw==

esbuild-linux-32@0.14.50:
  version "0.14.50"
  resolved "https://registry.yarnpkg.com/esbuild-linux-32/-/esbuild-linux-32-0.14.50.tgz#fe2b724994dcf1d4e48dc4832ff008ad7d00bcfd"
  integrity sha512-sWUwvf3uz7dFOpLzYuih+WQ7dRycrBWHCdoXJ4I4XdMxEHCECd8b7a9N9u7FzT6XR2gHPk9EzvchQUtiEMRwqw==

esbuild-linux-64@0.14.50:
  version "0.14.50"
  resolved "https://registry.yarnpkg.com/esbuild-linux-64/-/esbuild-linux-64-0.14.50.tgz#7851ab5151df9501a2187bd4909c594ad232b623"
  integrity sha512-u0PQxPhaeI629t4Y3EEcQ0wmWG+tC/LpP2K7yDFvwuPq0jSQ8SIN+ARNYfRjGW15O2we3XJvklbGV0wRuUCPig==

esbuild-linux-arm64@0.14.50:
  version "0.14.50"
  resolved "https://registry.yarnpkg.com/esbuild-linux-arm64/-/esbuild-linux-arm64-0.14.50.tgz#76a76afef484a0512f1fbbcc762edd705dee8892"
  integrity sha512-ZyfoNgsTftD7Rp5S7La5auomKdNeB3Ck+kSKXC4pp96VnHyYGjHHXWIlcbH8i+efRn9brszo1/Thl1qn8RqmhQ==

esbuild-linux-arm@0.14.50:
  version "0.14.50"
  resolved "https://registry.yarnpkg.com/esbuild-linux-arm/-/esbuild-linux-arm-0.14.50.tgz#6d7a8c0712091b0c3a668dd5d8b5c924adbaeb12"
  integrity sha512-VALZq13bhmFJYFE/mLEb+9A0w5vo8z+YDVOWeaf9vOTrSC31RohRIwtxXBnVJ7YKLYfEMzcgFYf+OFln3Y0cWg==

esbuild-linux-mips64le@0.14.50:
  version "0.14.50"
  resolved "https://registry.yarnpkg.com/esbuild-linux-mips64le/-/esbuild-linux-mips64le-0.14.50.tgz#43426909c1884c5dc6b40765673a08a7ec1d2064"
  integrity sha512-ygo31Vxn/WrmjKCHkBoutOlFG5yM9J2UhzHb0oWD9O61dGg+Hzjz9hjf5cmM7FBhAzdpOdEWHIrVOg2YAi6rTw==

esbuild-linux-ppc64le@0.14.50:
  version "0.14.50"
  resolved "https://registry.yarnpkg.com/esbuild-linux-ppc64le/-/esbuild-linux-ppc64le-0.14.50.tgz#c754ea3da1dd180c6e9b6b508dc18ce983d92b11"
  integrity sha512-xWCKU5UaiTUT6Wz/O7GKP9KWdfbsb7vhfgQzRfX4ahh5NZV4ozZ4+SdzYG8WxetsLy84UzLX3Pi++xpVn1OkFQ==

esbuild-linux-riscv64@0.14.50:
  version "0.14.50"
  resolved "https://registry.yarnpkg.com/esbuild-linux-riscv64/-/esbuild-linux-riscv64-0.14.50.tgz#f3b2dd3c4c2b91bf191d3b98a9819c8aa6f5ad7f"
  integrity sha512-0+dsneSEihZTopoO9B6Z6K4j3uI7EdxBP7YSF5rTwUgCID+wHD3vM1gGT0m+pjCW+NOacU9kH/WE9N686FHAJg==

esbuild-linux-s390x@0.14.50:
  version "0.14.50"
  resolved "https://registry.yarnpkg.com/esbuild-linux-s390x/-/esbuild-linux-s390x-0.14.50.tgz#3dfbc4578b2a81995caabb79df2b628ea86a5390"
  integrity sha512-tVjqcu8o0P9H4StwbIhL1sQYm5mWATlodKB6dpEZFkcyTI8kfIGWiWcrGmkNGH2i1kBUOsdlBafPxR3nzp3TDA==

esbuild-netbsd-64@0.14.50:
  version "0.14.50"
  resolved "https://registry.yarnpkg.com/esbuild-netbsd-64/-/esbuild-netbsd-64-0.14.50.tgz#17dbf51eaa48d983e794b588d195415410ef8c85"
  integrity sha512-0R/glfqAQ2q6MHDf7YJw/TulibugjizBxyPvZIcorH0Mb7vSimdHy0XF5uCba5CKt+r4wjax1mvO9lZ4jiAhEg==

esbuild-openbsd-64@0.14.50:
  version "0.14.50"
  resolved "https://registry.yarnpkg.com/esbuild-openbsd-64/-/esbuild-openbsd-64-0.14.50.tgz#cf6b1a50c8cf67b0725aaa4bce9773976168c50e"
  integrity sha512-7PAtmrR5mDOFubXIkuxYQ4bdNS6XCK8AIIHUiZxq1kL8cFIH5731jPcXQ4JNy/wbj1C9sZ8rzD8BIM80Tqk29w==

esbuild-sunos-64@0.14.50:
  version "0.14.50"
  resolved "https://registry.yarnpkg.com/esbuild-sunos-64/-/esbuild-sunos-64-0.14.50.tgz#f705ae0dd914c3b45dc43319c4f532216c3d841f"
  integrity sha512-gBxNY/wyptvD7PkHIYcq7se6SQEXcSC8Y7mE0FJB+CGgssEWf6vBPfTTZ2b6BWKnmaP6P6qb7s/KRIV5T2PxsQ==

esbuild-windows-32@0.14.50:
  version "0.14.50"
  resolved "https://registry.yarnpkg.com/esbuild-windows-32/-/esbuild-windows-32-0.14.50.tgz#6364905a99c1e6c1e2fe7bfccebd958131b1cd6c"
  integrity sha512-MOOe6J9cqe/iW1qbIVYSAqzJFh0p2LBLhVUIWdMVnNUNjvg2/4QNX4oT4IzgDeldU+Bym9/Tn6+DxvUHJXL5Zw==

esbuild-windows-64@0.14.50:
  version "0.14.50"
  resolved "https://registry.yarnpkg.com/esbuild-windows-64/-/esbuild-windows-64-0.14.50.tgz#56603cb6367e30d14098deb77de6aa18d76dd89b"
  integrity sha512-r/qE5Ex3w1jjGv/JlpPoWB365ldkppUlnizhMxJgojp907ZF1PgLTuW207kgzZcSCXyquL9qJkMsY+MRtaZ5yQ==

esbuild-windows-arm64@0.14.50:
  version "0.14.50"
  resolved "https://registry.yarnpkg.com/esbuild-windows-arm64/-/esbuild-windows-arm64-0.14.50.tgz#e7ddde6a97194051a5a4ac05f4f5900e922a7ea5"
  integrity sha512-EMS4lQnsIe12ZyAinOINx7eq2mjpDdhGZZWDwPZE/yUTN9cnc2Ze/xUTYIAyaJqrqQda3LnDpADKpvLvol6ENQ==

esbuild@^0.14.27:
  version "0.14.50"
  resolved "https://registry.yarnpkg.com/esbuild/-/esbuild-0.14.50.tgz#7a665392c8df94bf6e1ae1e999966a5ee62c6cbc"
  integrity sha512-SbC3k35Ih2IC6trhbMYW7hYeGdjPKf9atTKwBUHqMCYFZZ9z8zhuvfnZihsnJypl74FjiAKjBRqFkBkAd0rS/w==
  optionalDependencies:
    esbuild-android-64 "0.14.50"
    esbuild-android-arm64 "0.14.50"
    esbuild-darwin-64 "0.14.50"
    esbuild-darwin-arm64 "0.14.50"
    esbuild-freebsd-64 "0.14.50"
    esbuild-freebsd-arm64 "0.14.50"
    esbuild-linux-32 "0.14.50"
    esbuild-linux-64 "0.14.50"
    esbuild-linux-arm "0.14.50"
    esbuild-linux-arm64 "0.14.50"
    esbuild-linux-mips64le "0.14.50"
    esbuild-linux-ppc64le "0.14.50"
    esbuild-linux-riscv64 "0.14.50"
    esbuild-linux-s390x "0.14.50"
    esbuild-netbsd-64 "0.14.50"
    esbuild-openbsd-64 "0.14.50"
    esbuild-sunos-64 "0.14.50"
    esbuild-windows-32 "0.14.50"
    esbuild-windows-64 "0.14.50"
    esbuild-windows-arm64 "0.14.50"

esprima@^4.0.1:
  version "4.0.1"
  resolved "https://registry.yarnpkg.com/esprima/-/esprima-4.0.1.tgz#13b04cdb3e6c5d19df91ab6987a8695619b0aa71"
  integrity sha512-eGuFFw7Upda+g4p+QHvnW0RyTX/SVeJBDM/gCtMARO0cLuT2HcEKnTPvhjV6aGeqrCB/sbNop0Kszm0jsaWU4A==

event-target-shim@^5.0.0:
  version "5.0.1"
  resolved "https://registry.yarnpkg.com/event-target-shim/-/event-target-shim-5.0.1.tgz#5d4d3ebdf9583d63a5333ce2deb7480ab2b05789"
  integrity sha512-i/2XbnSz/uxRCU6+NdVJgKWDTM427+MqYbkQzD321DuCQJUqOuJKIA0IM2+W2xtYHdKOmZ4dR6fExsd4SXL+WQ==

fetch-blob@^3.1.2, fetch-blob@^3.1.4:
  version "3.2.0"
  resolved "https://registry.yarnpkg.com/fetch-blob/-/fetch-blob-3.2.0.tgz#f09b8d4bbd45adc6f0c20b7e787e793e309dcce9"
  integrity sha512-7yAQpD2UMJzLi1Dqv7qFYnPbaPx7ZfFK6PiIxQ4PfkGPyNyl2Ugx+a/umUonmKqjhM4DnfbMvdX6otXq83soQQ==
  dependencies:
    node-domexception "^1.0.0"
    web-streams-polyfill "^3.0.3"

formdata-polyfill@^4.0.10:
  version "4.0.10"
  resolved "https://registry.yarnpkg.com/formdata-polyfill/-/formdata-polyfill-4.0.10.tgz#24807c31c9d402e002ab3d8c720144ceb8848423"
  integrity sha512-buewHzMvYL29jdeQTVILecSaZKnt/RJWjoZCF5OW60Z67/GmSLBkOFM7qh1PI3zFNtJbaZL5eQu1vLfazOwj4g==
  dependencies:
    fetch-blob "^3.1.2"

fsevents@~2.3.2:
  version "2.3.2"
  resolved "https://registry.yarnpkg.com/fsevents/-/fsevents-2.3.2.tgz#8a526f78b8fdf4623b709e0b975c52c24c02fd1a"
  integrity sha512-xiqMQR4xAeHTuB9uWm+fFRcIOgKBMiOBP+eXiyT7jsgVCq1bkVygt00oASowB7EdtpOHaaPgKt812P9ab+DDKA==

function-bind@^1.1.1:
  version "1.1.1"
  resolved "https://registry.yarnpkg.com/function-bind/-/function-bind-1.1.1.tgz#a56899d3ea3c9bab874bb9773b7c5ede92f4895d"
  integrity sha512-yIovAzMX49sF8Yl58fSCWJ5svSLuaibPxXQJFLmBObTuCr0Mf1KiPopGM9NiFjiYBCbfaa2Fh6breQ6ANVTI0A==

has@^1.0.3:
  version "1.0.3"
  resolved "https://registry.yarnpkg.com/has/-/has-1.0.3.tgz#722d7cbfc1f6aa8241f16dd814e011e1f41e8796"
  integrity sha512-f2dvO0VU6Oej7RkWJGrehjbzMAjFp5/VKPp5tTpWIV4JHHZK1/BxbFRtf/siA2SWTe09caDmVtYYzWEIbBS4zw==
  dependencies:
    function-bind "^1.1.1"

ieee754@^1.2.1:
  version "1.2.1"
  resolved "https://registry.yarnpkg.com/ieee754/-/ieee754-1.2.1.tgz#8eb7a10a63fff25d15a57b001586d177d1b0d352"
  integrity sha512-dcyqhDvX1C46lXZcVqCpK+FtMRQVdIMN6/Df5js2zouUsqG7I6sFxitIC+7KYK29KdXOLHdu9zL4sFnoVQnqaA==

is-buffer@~1.1.6:
  version "1.1.6"
  resolved "https://registry.yarnpkg.com/is-buffer/-/is-buffer-1.1.6.tgz#efaa2ea9daa0d7ab2ea13a97b2b8ad51fefbe8be"
  integrity sha512-NcdALwpXkTm5Zvvbk7owOUSvVvBKDgKP5/ewfXEznmQFfs4ZRmanOeKBTjRVjka3QFoN6XJ+9F3USqfHqTaU5w==

is-core-module@^2.9.0:
  version "2.9.0"
  resolved "https://registry.yarnpkg.com/is-core-module/-/is-core-module-2.9.0.tgz#e1c34429cd51c6dd9e09e0799e396e27b19a9c69"
  integrity sha512-+5FPy5PnwmO3lvfMb0AsoPaBG+5KHUI0wYFXOtYPnVVVspTFUuMZNfNaNVRt3FZadstu2c8x23vykRW/NBoU6A==
  dependencies:
    has "^1.0.3"

jsx2tag@^0.3.0:
  version "0.3.0"
  resolved "https://registry.yarnpkg.com/jsx2tag/-/jsx2tag-0.3.0.tgz#57062cfb3eff16ffaf9b146e90eb1f8a500de66d"
  integrity sha512-AcELEC4kZIByPXqtK+QdaQ0t7MVZkZ9zjoitLwqGkpLkopDwBOwpG0JHxBcqGaVkv2KF3jPFp6l3l/5cN3J/Yw==

lz-string@^1.4.4:
  version "1.4.4"
  resolved "https://registry.yarnpkg.com/lz-string/-/lz-string-1.4.4.tgz#c0d8eaf36059f705796e1e344811cf4c498d3a26"
  integrity sha512-0ckx7ZHRPqb0oUm8zNr+90mtf9DQB60H1wMCjBtfi62Kl3a7JbHob6gA2bC+xRvZoOL+1hzUK8jeuEIQE8svEQ==

lzma-js@^1.0.1:
  version "1.0.1"
  resolved "https://registry.yarnpkg.com/lzma-js/-/lzma-js-1.0.1.tgz#0d3eb0947b32c0eb49bbf7b5e27e959fd8f83b53"
  integrity sha512-JMBqMjHTHvH4ubDADxgJKqDTv9pgKanTDePkxDaMoewY47vevub5O2SCM1f2buXzvppX+FqCY9raJBLMua8PDg==

lzutf8@^0.6.2:
  version "0.6.3"
  resolved "https://registry.yarnpkg.com/lzutf8/-/lzutf8-0.6.3.tgz#37a2ebe80922a8405f1e3f24c6c2b74c3e430981"
  integrity sha512-CAkF9HKrM+XpB0f3DepQ2to2iUEo0zrbh+XgBqgNBc1+k8HMM3u/YSfHI3Dr4GmoTIez2Pr/If1XFl3rU26AwA==
  dependencies:
    readable-stream "^4.0.0"

marked@^4.0.17:
  version "4.0.18"
  resolved "https://registry.yarnpkg.com/marked/-/marked-4.0.18.tgz#cd0ac54b2e5610cfb90e8fd46ccaa8292c9ed569"
  integrity sha512-wbLDJ7Zh0sqA0Vdg6aqlbT+yPxqLblpAZh1mK2+AO2twQkPywvvqQNfEPVwSSRjZ7dZcdeVBIAgiO7MMp3Dszw==

md5@^2.3.0:
  version "2.3.0"
  resolved "https://registry.yarnpkg.com/md5/-/md5-2.3.0.tgz#c3da9a6aae3a30b46b7b0c349b87b110dc3bda4f"
  integrity sha512-T1GITYmFaKuO91vxyoQMFETst+O71VUPEU3ze5GNzDm0OWdP8v1ziTaAEPUr/3kLsY3Sftgz242A1SetQiDL7g==
  dependencies:
    charenc "0.0.2"
    crypt "0.0.2"
    is-buffer "~1.1.6"

nanoid@^3.3.4:
  version "3.3.4"
  resolved "https://registry.yarnpkg.com/nanoid/-/nanoid-3.3.4.tgz#730b67e3cd09e2deacf03c027c81c9d9dbc5e8ab"
  integrity sha512-MqBkQh/OHTS2egovRtLk45wEyNXwF+cokD+1YPf9u5VfJiRdAiRwB2froX5Co9Rh20xs4siNPm8naNotSD6RBw==

node-domexception@^1.0.0:
  version "1.0.0"
  resolved "https://registry.yarnpkg.com/node-domexception/-/node-domexception-1.0.0.tgz#6888db46a1f71c0b76b3f7555016b63fe64766e5"
  integrity sha512-/jKZoMpw0F8GRwl4/eLROPA3cfcXtLApP0QzLmUT/HuPCZWyB7IY9ZrMeKw2O/nFIqPQB3PVM9aYm0F312AXDQ==

node-fetch@^3.2.10:
  version "3.2.10"
  resolved "https://registry.yarnpkg.com/node-fetch/-/node-fetch-3.2.10.tgz#3f6070bf854de20f21b9fe8479f823462e615d7d"
  integrity sha512-/2lI+DBecVvVm9tDhjziTVjo2wmTsSxSk58saUYP0P/fRJ3xxtfMDY24+CKTkfm0Dlhyn3CSXNL0SoRiCZ8Rzg==
  dependencies:
    data-uri-to-buffer "^4.0.0"
    fetch-blob "^3.1.4"
    formdata-polyfill "^4.0.10"

path-parse@^1.0.7:
  version "1.0.7"
  resolved "https://registry.yarnpkg.com/path-parse/-/path-parse-1.0.7.tgz#fbc114b60ca42b30d9daf5858e4bd68bbedb6735"
  integrity sha512-LDJzPVEEEPR+y48z93A0Ed0yXb8pAByGWo/k5YYdYgpY2/2EsOsksJrq7lOHxryrVOn1ejG6oAp8ahvOIQD8sw==

picocolors@^1.0.0:
  version "1.0.0"
  resolved "https://registry.yarnpkg.com/picocolors/-/picocolors-1.0.0.tgz#cb5bdc74ff3f51892236eaf79d68bc44564ab81c"
  integrity sha512-1fygroTLlHu66zi26VoTDv8yRgm0Fccecssto+MhsZ0D/DGW2sm8E8AjW7NU5VVTRt5GxbeZ5qBuJr+HyLYkjQ==

postcss@^8.4.13:
  version "8.4.14"
  resolved "https://registry.yarnpkg.com/postcss/-/postcss-8.4.14.tgz#ee9274d5622b4858c1007a74d76e42e56fd21caf"
  integrity sha512-E398TUmfAYFPBSdzgeieK2Y1+1cpdxJx8yXbK/m57nRhKSmk1GB2tO4lbLBtlkfPQTDKfe4Xqv1ASWPpayPEig==
  dependencies:
    nanoid "^3.3.4"
    picocolors "^1.0.0"
    source-map-js "^1.0.2"

readable-stream@^4.0.0:
  version "4.1.0"
  resolved "https://registry.yarnpkg.com/readable-stream/-/readable-stream-4.1.0.tgz#280d0a29f559d3fb684a277254e02b6f61ae0631"
  integrity sha512-sVisi3+P2lJ2t0BPbpK629j8wRW06yKGJUcaLAGXPAUhyUxVJm7VsCTit1PFgT4JHUDMrGNR+ZjSKpzGaRF3zw==
  dependencies:
    abort-controller "^3.0.0"

resolve@^1.22.0:
  version "1.22.1"
  resolved "https://registry.yarnpkg.com/resolve/-/resolve-1.22.1.tgz#27cb2ebb53f91abb49470a928bba7558066ac177"
  integrity sha512-nBpuuYuY5jFsli/JIs1oldw6fOQCBioohqWZg/2hiaOybXOft4lonv85uDOKXdf8rhyK159cxU5cDcK/NKk8zw==
  dependencies:
    is-core-module "^2.9.0"
    path-parse "^1.0.7"
    supports-preserve-symlinks-flag "^1.0.0"

rollup@^2.59.0:
  version "2.77.2"
  resolved "https://registry.yarnpkg.com/rollup/-/rollup-2.77.2.tgz#6b6075c55f9cc2040a5912e6e062151e42e2c4e3"
  integrity sha512-m/4YzYgLcpMQbxX3NmAqDvwLATZzxt8bIegO78FZLl+lAgKJBd1DRAOeEiZcKOIOPjxE6ewHWHNgGEalFXuz1g==
  optionalDependencies:
    fsevents "~2.3.2"

source-map-js@^1.0.2:
  version "1.0.2"
  resolved "https://registry.yarnpkg.com/source-map-js/-/source-map-js-1.0.2.tgz#adbc361d9c62df380125e7f161f71c826f1e490c"
  integrity sha512-R0XvVJ9WusLiqTCEiGCmICCMplcCkIwwR11mOSD9CR5u+IXYdiseeEuXCVAjS54zqwkLcPNnmU4OeJ6tUrWhDw==

style-mod@^4.0.0:
  version "4.0.0"
  resolved "https://registry.yarnpkg.com/style-mod/-/style-mod-4.0.0.tgz#97e7c2d68b592975f2ca7a63d0dd6fcacfe35a01"
  integrity sha512-OPhtyEjyyN9x3nhPsu76f52yUGXiZcgvsrFVtvTkyGRQJ0XK+GPc6ov1z+lRpbeabka+MYEQxOYRnt5nF30aMw==

supports-preserve-symlinks-flag@^1.0.0:
  version "1.0.0"
  resolved "https://registry.yarnpkg.com/supports-preserve-symlinks-flag/-/supports-preserve-symlinks-flag-1.0.0.tgz#6eda4bd344a3c94aea376d4cc31bc77311039e09"
  integrity sha512-ot0WnXS9fgdkgIcePe6RHNk1WA8+muPa6cSjeR3V8K27q9BB1rTE3R1p7Hv0z1ZyAc8s6Vvv8DIyWf681MAt0w==

uarray@^1.0.0:
  version "1.0.0"
  resolved "https://registry.yarnpkg.com/uarray/-/uarray-1.0.0.tgz#e89bf0ea2129596f4bf653b66e53246ed6562b6c"
  integrity sha512-LHmiAd5QuAv7pU2vbh+Zq9YOnqVK0H764p2Ozinpfy9ka58OID4IsGLiXsitqH7n0NAIDxvax1A/kDXpii/Ckg==

udomdiff@^1.1.0:
  version "1.1.0"
  resolved "https://registry.yarnpkg.com/udomdiff/-/udomdiff-1.1.0.tgz#1d0c4741b93a2ffd10728ca4cea15b277cc3082f"
  integrity sha512-aqjTs5x/wsShZBkVagdafJkP8S3UMGhkHKszsu1cszjjZ7iOp86+Qb3QOFYh01oWjPMy5ZTuxD6hw5uTKxd+VA==

uhandlers@^0.6.1:
  version "0.6.1"
  resolved "https://registry.yarnpkg.com/uhandlers/-/uhandlers-0.6.1.tgz#ef2e6811de072a2de3c69ace4ce6910de6328c96"
  integrity sha512-2jMpdT/3twUKnJxvVEtysdkw5v7KhynNvMP8sueocaGYgEXG6l9fG/66JlKrQo/jVNCF2gcJb3Ne7vYCeVR6tw==
  dependencies:
    uarray "^1.0.0"

uhtml@^3.0.1:
  version "3.0.1"
  resolved "https://registry.yarnpkg.com/uhtml/-/uhtml-3.0.1.tgz#106b1de438e046602de24d860cf29a2d1e339269"
  integrity sha512-faYAYvr5lucYWco4A2ggMbYnCzkzuqzxv9TKYqD5tLlFYtMgokbvrbVEBRvebVHIF2gd68kxZhZMktH75wNcWg==
  dependencies:
    "@webreflection/mapset" "^1.0.1"
    "@webreflection/uparser" "^0.2.4"
    "@webreflection/uwire" "^1.2.1"
    async-tag "^0.2.0"
    jsx2tag "^0.3.0"
    udomdiff "^1.1.0"
    uhandlers "^0.6.1"

vanilla-tilt@^1.7.2:
  version "1.7.2"
  resolved "https://registry.yarnpkg.com/vanilla-tilt/-/vanilla-tilt-1.7.2.tgz#59a5565d9f1f6d392a36969f223fb600dd101a81"
  integrity sha512-arf2wY2Y65rP6Zxve9PnUUnRl9nQ1KenPNae6QRaVq/PEvaIto2bC4jYirNJ19U7nLkzI1H9O+nYtcQlX7BTsA==

vite@^2.9.12:
  version "2.9.14"
  resolved "https://registry.yarnpkg.com/vite/-/vite-2.9.14.tgz#c438324c6594afd1050df3777da981dee988bb1b"
  integrity sha512-P/UCjSpSMcE54r4mPak55hWAZPlyfS369svib/gpmz8/01L822lMPOJ/RYW6tLCe1RPvMvOsJ17erf55bKp4Hw==
  dependencies:
    esbuild "^0.14.27"
    postcss "^8.4.13"
    resolve "^1.22.0"
    rollup "^2.59.0"
  optionalDependencies:
    fsevents "~2.3.2"

w3c-keyname@^2.2.4:
  version "2.2.5"
  resolved "https://registry.yarnpkg.com/w3c-keyname/-/w3c-keyname-2.2.5.tgz#f115ad3976f42f0f90e0cff18b9dc7657c7835fd"
  integrity sha512-WJrK7i6w+ULuZsGscCezbCH4Aev5U3xY87vnSimzzEgPQhb0Sa0a1rE3c2jtEwrFtSfi61Jefw3jI5/DD/3jbQ==

web-streams-polyfill@^3.0.3:
  version "3.2.1"
  resolved "https://registry.yarnpkg.com/web-streams-polyfill/-/web-streams-polyfill-3.2.1.tgz#71c2718c52b45fd49dbeee88634b3a60ceab42a6"
  integrity sha512-e0MO3wdXWKrLbL0DgGnUV7WHVuw9OUvL4hjgnPkIeEvESk74gAITi5G606JtZPp39cd8HA9VQzCIvA49LpPN5Q==
